
Microsoft Visual Studio Solution File, Format Version 12.00
Project("{FAE04EC0-301F-11D3-BF4B-00C04F79EFBC}") = "ParamMerger", "ParamMerger\ParamMerger.csproj", "{35659F30-31EC-42A3-8C2D-3047B654FECB}"
EndProject
Global
	GlobalSection(SolutionConfigurationPlatforms) = preSolution
		Debug|Any CPU = Debug|Any CPU
		Release|Any CPU = Release|Any CPU
	EndGlobalSection
	GlobalSection(ProjectConfigurationPlatforms) = postSolution
		{35659F30-31EC-42A3-8C2D-3047B654FECB}.Debug|Any CPU.ActiveCfg = Debug|Any CPU
		{35659F30-31EC-42A3-8C2D-3047B654FECB}.Debug|Any CPU.Build.0 = Debug|Any CPU
		{35659F30-31EC-42A3-8C2D-3047B654FECB}.Release|Any CPU.ActiveCfg = Release|Any CPU
		{35659F30-31EC-42A3-8C2D-3047B654FECB}.Release|Any CPU.Build.0 = Release|Any CPU
	EndGlobalSection
EndGlobal
